// !$*UTF8*$!
{
	archiveVersion = 1;
	classes = {
	};
	objectVersion = 50;
	objects = {

/* Begin PBXBuildFile section */
		45811EDC21D1914F00B4A23E /* AppDelegate.swift in Sources */ = {isa = PBXBuildFile; fileRef = 45811EDB21D1914F00B4A23E /* AppDelegate.swift */; };
		45811EDE21D1914F00B4A23E /* art.scnassets in Resources */ = {isa = PBXBuildFile; fileRef = 45811EDD21D1914F00B4A23E /* art.scnassets */; };
		45811EE021D1914F00B4A23E /* ViewController.swift in Sources */ = {isa = PBXBuildFile; fileRef = 45811EDF21D1914F00B4A23E /* ViewController.swift */; };
		45811EE321D1914F00B4A23E /* Main.storyboard in Resources */ = {isa = PBXBuildFile; fileRef = 45811EE121D1914F00B4A23E /* Main.storyboard */; };
		45811EE521D1915300B4A23E /* Assets.xcassets in Resources */ = {isa = PBXBuildFile; fileRef = 45811EE421D1915300B4A23E /* Assets.xcassets */; };
		45811EE821D1915300B4A23E /* LaunchScreen.storyboard in Resources */ = {isa = PBXBuildFile; fileRef = 45811EE621D1915300B4A23E /* LaunchScreen.storyboard */; };
		45811EF621D191DD00B4A23E /* Harry.mp4 in Resources */ = {isa = PBXBuildFile; fileRef = 45811EF421D191DD00B4A23E /* Harry.mp4 */; };
/* End PBXBuildFile section */

/* Begin PBXFileReference section */
		45811ED821D1914F00B4A23E /* MagicPapper.app */ = {isa = PBXFileReference; explicitFileType = wrapper.application; includeInIndex = 0; path = MagicPapper.app; sourceTree = BUILT_PRODUCTS_DIR; };
		45811EDB21D1914F00B4A23E /* AppDelegate.swift */ = {isa = PBXFileReference; lastKnownFileType = sourcecode.swift; path = AppDelegate.swift; sourceTree = "<group>"; };
		45811EDD21D1914F00B4A23E /* art.scnassets */ = {isa = PBXFileReference; lastKnownFileType = wrapper.scnassets; path = art.scnassets; sourceTree = "<group>"; };
		45811EDF21D1914F00B4A23E /* ViewController.swift */ = {isa = PBXFileReference; lastKnownFileType = sourcecode.swift; path = ViewController.swift; sourceTree = "<group>"; };
		45811EE221D1914F00B4A23E /* Base */ = {isa = PBXFileReference; lastKnownFileType = file.storyboard; name = Base; path = Base.lproj/Main.storyboard; sourceTree = "<group>"; };
		45811EE421D1915300B4A23E /* Assets.xcassets */ = {isa = PBXFileReference; lastKnownFileType = folder.assetcatalog; path = Assets.xcassets; sourceTree = "<group>"; };
		45811EE721D1915300B4A23E /* Base */ = {isa = PBXFileReference; lastKnownFileType = file.storyboard; name = Base; path = Base.lproj/LaunchScreen.storyboard; sourceTree = "<group>"; };
		45811EE921D1915300B4A23E /* Info.plist */ = {isa = PBXFileReference; lastKnownFileType = text.plist.xml; path = Info.plist; sourceTree = "<group>"; };
		45811EF421D191DD00B4A23E /* Harry.mp4 */ = {isa = PBXFileReference; lastKnownFileType = file; path = Harry.mp4; sourceTree = "<group>"; };
/* End PBXFileReference section */

/* Begin PBXFrameworksBuildPhase section */
		45811ED521D1914F00B4A23E /* Frameworks */ = {
			isa = PBXFrameworksBuildPhase;
			buildActionMask = 2147483647;
			files = (
			);
			runOnlyForDeploymentPostprocessing = 0;
		};
/* End PBXFrameworksBuildPhase section */

/* Begin PBXGroup section */
		45811ECF21D1914F00B4A23E = {
			isa = PBXGroup;
			children = (
				45811EDA21D1914F00B4A23E /* MagicPapper */,
				45811ED921D1914F00B4A23E /* Products */,
			);
			sourceTree = "<group>";
		};
		45811ED921D1914F00B4A23E /* Products */ = {
			isa = PBXGroup;
			children = (
				45811ED821D1914F00B4A23E /* MagicPapper.app */,
			);
			name = Products;
			sourceTree = "<group>";
		};
		45811EDA21D1914F00B4A23E /* MagicPapper */ = {
			isa = PBXGroup;
			children = (
				45811EF421D191DD00B4A23E /* Harry.mp4 */,
				45811EDB21D1914F00B4A23E /* AppDelegate.swift */,
				45811EDD21D1914F00B4A23E /* art.scnassets */,
				45811EDF21D1914F00B4A23E /* ViewController.swift */,
				45811EE121D1914F00B4A23E /* Main.storyboard */,
				45811EE421D1915300B4A23E /* Assets.xcassets */,
				45811EE621D1915300B4A23E /* LaunchScreen.storyboard */,
				45811EE921D1915300B4A23E /* Info.plist */,
			);
			path = MagicPapper;
			sourceTree = "<group>";
		};
/* End PBXGroup section */

/* Begin PBXNativeTarget section */
		45811ED721D1914F00B4A23E /* MagicPapper */ = {
			isa = PBXNativeTarget;
			buildConfigurationList = 45811EEC21D1915300B4A23E /* Build configuration list for PBXNativeTarget "MagicPapper" */;
			buildPhases = (
				45811ED421D1914F00B4A23E /* Sources */,
				45811ED521D1914F00B4A23E /* Frameworks */,
				45811ED621D1914F00B4A23E /* Resources */,
			);
			buildRules = (
			);
			dependencies = (
			);
			name = MagicPapper;
			productName = MagicPapper;
			productReference = 45811ED821D1914F00B4A23E /* MagicPapper.app */;
			productType = "com.apple.product-type.application";
		};
/* End PBXNativeTarget section */

/* Begin PBXProject section */
		45811ED021D1914F00B4A23E /* Project object */ = {
			isa = PBXProject;
			attributes = {
				LastSwiftUpdateCheck = 1010;
				LastUpgradeCheck = 1010;
				ORGANIZATIONNAME = "Aravin Sivakumar";
				TargetAttributes = {
					45811ED721D1914F00B4A23E = {
						CreatedOnToolsVersion = 10.1;
					};
				};
			};
			buildConfigurationList = 45811ED321D1914F00B4A23E /* Build configuration list for PBXProject "MagicPapper" */;
			compatibilityVersion = "Xcode 9.3";
			developmentRegion = en;
			hasScannedForEncodings = 0;
			knownRegions = (
				en,
				Base,
			);
			mainGroup = 45811ECF21D1914F00B4A23E;
			productRefGroup = 45811ED921D1914F00B4A23E /* Products */;
			projectDirPath = "";
			projectRoot = "";
			targets = (
				45811ED721D1914F00B4A23E /* MagicPapper */,
			);
		};
/* End PBXProject section */

/* Begin PBXResourcesBuildPhase section */
		45811ED621D1914F00B4A23E /* Resources */ = {
			isa = PBXResourcesBuildPhase;
			buildActionMask = 2147483647;
			files = (
				45811EF621D191DD00B4A23E /* Harry.mp4 in Resources */,
				45811EDE21D1914F00B4A23E /* art.scnassets in Resources */,
				45811EE821D1915300B4A23E /* LaunchScreen.storyboard in Resources */,
				45811EE521D1915300B4A23E /* Assets.xcassets in Resources */,
				45811EE321D1914F00B4A23E /* Main.storyboard in Resources */,
			);
			runOnlyForDeploymentPostprocessing = 0;
		};
/* End PBXResourcesBuildPhase section */

/* Begin PBXSourcesBuildPhase section */
		45811ED421D1914F00B4A23E /* Sources */ = {
			isa = PBXSourcesBuildPhase;
			buildActionMask = 2147483647;
			files = (
				45811EE021D1914F00B4A23E /* ViewController.swift in Sources */,
				45811EDC21D1914F00B4A23E /* AppDelegate.swift in Sources */,
			);
			runOnlyForDeploymentPostprocessing = 0;
		};
/* End PBXSourcesBuildPhase section */

/* Begin PBXVariantGroup section */
		45811EE121D1914F00B4A23E /* Main.storyboard */ = {
			isa = PBXVariantGroup;
			children = (
				45811EE221D1914F00B4A23E /* Base */,
			);
			name = Main.storyboard;
			sourceTree = "<group>";
		};
		45811EE621D1915300B4A23E /* LaunchScreen.storyboard */ = {
			isa = PBXVariantGroup;
			children = (
				45811EE721D1915300B4A23E /* Base */,
			);
			name = LaunchScreen.storyboard;
			sourceTree = "<group>";
		};
/* End PBXVariantGroup section */

/* Begin XCBuildConfiguration section */
		45811EEA21D1915300B4A23E /* Debug */ = {
			isa = XCBuildConfiguration;
			buildSettings = {
				ALWAYS_SEARCH_USER_PATHS = NO;
				CLANG_ANALYZER_NONNULL = YES;
				CLANG_ANALYZER_NUMBER_OBJECT_CONVERSION = YES_AGGRESSIVE;
				CLANG_CXX_LANGUAGE_STANDARD = "gnu++14";
				CLANG_CXX_LIBRARY = "libc++";
				CLANG_ENABLE_MODULES = YES;
				CLANG_ENABLE_OBJC_ARC = YES;
				CLANG_ENABLE_OBJC_WEAK = YES;
				CLANG_WARN_BLOCK_CAPTURE_AUTORELEASING = YES;
				CLANG_WARN_BOOL_CONVERSION = YES;
				CLANG_WARN_COMMA = YES;
				CLANG_WARN_CONSTANT_CONVERSION = YES;
				CLANG_WARN_DEPRECATED_OBJC_IMPLEMENTATIONS = YES;
				CLANG_WARN_DIRECT_OBJC_ISA_USAGE = YES_ERROR;
				CLANG_WARN_DOCUMENTATION_COMMENTS = YES;
				CLANG_WARN_EMPTY_BODY = YES;
				CLANG_WARN_ENUM_CONVERSION = YES;
				CLANG_WARN_INFINITE_RECURSION = YES;
				CLANG_WARN_INT_CONVERSION = YES;
				CLANG_WARN_NON_LITERAL_NULL_CONVERSION = YES;
				CLANG_WARN_OBJC_IMPLICIT_RETAIN_SELF = YES;
				CLANG_WARN_OBJC_LITERAL_CONVERSION = YES;
				CLANG_WARN_OBJC_ROOT_CLASS = YES_ERROR;
				CLANG_WARN_RANGE_LOOP_ANALYSIS = YES;
				CLANG_WARN_STRICT_PROTOTYPES = YES;
				CLANG_WARN_SUSPICIOUS_MOVE = YES;
				CLANG_WARN_UNGUARDED_AVAILABILITY = YES_AGGRESSIVE;
				CLANG_WARN_UNREACHABLE_CODE = YES;
				CLANG_WARN__DUPLICATE_METHOD_MATCH = YES;
				CODE_SIGN_IDENTITY = "iPhone Developer";
				COPY_PHASE_STRIP = NO;
				DEBUG_INFORMATION_FORMAT = dwarf;
				ENABLE_STRICT_OBJC_MSGSEND = YES;
				ENABLE_TESTABILITY = YES;
				GCC_C_LANGUAGE_STANDARD = gnu11;
				GCC_DYNAMIC_NO_PIC = NO;
				GCC_NO_COMMON_BLOCKS = YES;
				GCC_OPTIMIZATION_LEVEL = 0;
				GCC_PREPROCESSOR_DEFINITIONS = (
					"DEBUG=1",
					"$(inherited)",
				);
				GCC_WARN_64_TO_32_BIT_CONVERSION = YES;
				GCC_WARN_ABOUT_RETURN_TYPE = YES_ERROR;
				GCC_WARN_UNDECLARED_SELECTOR = YES;
				GCC_WARN_UNINITIALIZED_AUTOS = YES_AGGRESSIVE;
				GCC_WARN_UNUSED_FUNCTION = YES;
				GCC_WARN_UNUSED_VARIABLE = YES;
				IPHONEOS_DEPLOYMENT_TARGET = 12.1;
				MTL_ENABLE_DEBUG_INFO = INCLUDE_SOURCE;
				MTL_FAST_MATH = YES;
				ONLY_ACTIVE_ARCH = YES;
				SDKROOT = iphoneos;
				SWIFT_ACTIVE_COMPILATION_CONDITIONS = DEBUG;
				SWIFT_OPTIMIZATION_LEVEL = "-Onone";
			};
			name = Debug;
		};
		45811EEB21D1915300B4A23E /* Release */ = {
			isa = XCBuildConfiguration;
			buildSettings = {
				ALWAYS_SEARCH_USER_PATHS = NO;
				CLANG_ANALYZER_NONNULL = YES;
				CLANG_ANALYZER_NUMBER_OBJECT_CONVERSION = YES_AGGRESSIVE;
				CLANG_CXX_LANGUAGE_STANDARD = "gnu++14";
				CLANG_CXX_LIBRARY = "libc++";
				CLANG_ENABLE_MODULES = YES;
				CLANG_ENABLE_OBJC_ARC = YES;
				CLANG_ENABLE_OBJC_WEAK = YES;
				CLANG_WARN_BLOCK_CAPTURE_AUTORELEASING = YES;
				CLANG_WARN_BOOL_CONVERSION = YES;
				CLANG_WARN_COMMA = YES;
				CLANG_WARN_CONSTANT_CONVERSION = YES;
				CLANG_WARN_DEPRECATED_OBJC_IMPLEMENTATIONS = YES;
				CLANG_WARN_DIRECT_OBJC_ISA_USAGE = YES_ERROR;
				CLANG_WARN_DOCUMENTATION_COMMENTS = YES;
				CLANG_WARN_EMPTY_BODY = YES;
				CLANG_WARN_ENUM_CONVERSION = YES;
				CLANG_WARN_INFINITE_RECURSION = YES;
				CLANG_WARN_INT_CONVERSION = YES;
				CLANG_WARN_NON_LITERAL_NULL_CONVERSION = YES;
				CLANG_WARN_OBJC_IMPLICIT_RETAIN_SELF = YES;
				CLANG_WARN_OBJC_LITERAL_CONVERSION = YES;
				CLANG_WARN_OBJC_ROOT_CLASS = YES_ERROR;
				CLANG_WARN_RANGE_LOOP_ANALYSIS = YES;
				CLANG_WARN_STRICT_PROTOTYPES = YES;
				CLANG_WARN_SUSPICIOUS_MOVE = YES;
				CLANG_WARN_UNGUARDED_AVAILABILITY = YES_AGGRESSIVE;
				CLANG_WARN_UNREACHABLE_CODE = YES;
				CLANG_WARN__DUPLICATE_METHOD_MATCH = YES;
				CODE_SIGN_IDENTITY = "iPhone Developer";
				COPY_PHASE_STRIP = NO;
				DEBUG_INFORMATION_FORMAT = "dwarf-with-dsym";
				ENABLE_NS_ASSERTIONS = NO;
				ENABLE_STRICT_OBJC_MSGSEND = YES;
				GCC_C_LANGUAGE_STANDARD = gnu11;
				GCC_NO_COMMON_BLOCKS = YES;
				GCC_WARN_64_TO_32_BIT_CONVERSION = YES;
				GCC_WARN_ABOUT_RETURN_TYPE = YES_ERROR;
				GCC_WARN_UNDECLARED_SELECTOR = YES;
				GCC_WARN_UNINITIALIZED_AUTOS = YES_AGGRESSIVE;
				GCC_WARN_UNUSED_FUNCTION = YES;
				GCC_WARN_UNUSED_VARIABLE = YES;
				IPHONEOS_DEPLOYMENT_TARGET = 12.1;
				MTL_ENABLE_DEBUG_INFO = NO;
				MTL_FAST_MATH = YES;
				SDKROOT = iphoneos;
				SWIFT_COMPILATION_MODE = wholemodule;
				SWIFT_OPTIMIZATION_LEVEL = "-O";
				VALIDATE_PRODUCT = YES;
			};
			name = Release;
		};
		45811EED21D1915300B4A23E /* Debug */ = {
			isa = XCBuildConfiguration;
			buildSettings = {
				ASSETCATALOG_COMPILER_APPICON_NAME = AppIcon;
				CODE_SIGN_STYLE = Automatic;
				DEVELOPMENT_TEAM = Q6V6XA46GZ;
				INFOPLIST_FILE = MagicPapper/Info.plist;
				LD_RUNPATH_SEARCH_PATHS = (
					"$(inherited)",
					"@executable_path/Frameworks",
				);
				PRODUCT_BUNDLE_IDENTIFIER = com.aravinsiva.getWel.MagicPapper;
				PRODUCT_NAME = "$(TARGET_NAME)";
				SWIFT_VERSION = 4.2;
				TARGETED_DEVICE_FAMILY = "1,2";
			};
			name = Debug;
		};
		45811EEE21D1915300B4A23E /* Release */ = {
			isa = XCBuildConfiguration;
			buildSettings = {
				ASSETCATALOG_COMPILER_APPICON_NAME = AppIcon;
				CODE_SIGN_STYLE = Automatic;
				DEVELOPMENT_TEAM = Q6V6XA46GZ;
				INFOPLIST_FILE = MagicPapper/Info.plist;
				LD_RUNPATH_SEARCH_PATHS = (
					"$(inherited)",
					"@executable_path/Frameworks",
				);
				PRODUCT_BUNDLE_IDENTIFIER = com.aravinsiva.getWel.MagicPapper;
				PRODUCT_NAME = "$(TARGET_NAME)";
				SWIFT_VERSION = 4.2;
				TARGETED_DEVICE_FAMILY = "1,2";
			};
			name = Release;
		};
/* End XCBuildConfiguration section */

/* Begin XCConfigurationList section */
		45811ED321D1914F00B4A23E /* Build configuration list for PBXProject "MagicPapper" */ = {
			isa = XCConfigurationList;
			buildConfigurations = (
				45811EEA21D1915300B4A23E /* Debug */,
				45811EEB21D1915300B4A23E /* Release */,
			);
			defaultConfigurationIsVisible = 0;
			defaultConfigurationName = Release;
		};
		45811EEC21D1915300B4A23E /* Build configuration list for PBXNativeTarget "MagicPapper" */ = {
			isa = XCConfigurationList;
			buildConfigurations = (
				45811EED21D1915300B4A23E /* Debug */,
				45811EEE21D1915300B4A23E /* Release */,
			);
			defaultConfigurationIsVisible = 0;
			defaultConfigurationName = Release;
		};
/* End XCConfigurationList section */
	};
	rootObject = 45811ED021D1914F00B4A23E /* Project object */;
}
